
Microsoft Visual Studio Solution File, Format Version 12.00
# Visual Studio Version 17
VisualStudioVersion = 17.5.33103.201
MinimumVisualStudioVersion = 10.0.40219.1
Project("{8BC9CEB8-8B4A-11D0-8D11-00A0C91BC942}") = "WebSocket", "WebSocket\WebSocket.vcxproj", "{DD98400E-DD4C-4C5C-831A-9F929DF6D2EE}"
EndProject
Project("{8BC9CEB8-8B4A-11D0-8D11-00A0C91BC942}") = "Project1", "Project1\Project1.vcxproj", "{8D8687CC-DD39-4264-AF49-43F9A4740560}"
EndProject
Global
	GlobalSection(SolutionConfigurationPlatforms) = preSolution
		Debug|x64 = Debug|x64
		Debug|x86 = Debug|x86
		Release|x64 = Release|x64
		Release|x86 = Release|x86
	EndGlobalSection
	GlobalSection(ProjectConfigurationPlatforms) = postSolution
		{DD98400E-DD4C-4C5C-831A-9F929DF6D2EE}.Debug|x64.ActiveCfg = Debug|x64
		{DD98400E-DD4C-4C5C-831A-9F929DF6D2EE}.Debug|x64.Build.0 = Debug|x64
		{DD98400E-DD4C-4C5C-831A-9F929DF6D2EE}.Debug|x86.ActiveCfg = Debug|Win32
		{DD98400E-DD4C-4C5C-831A-9F929DF6D2EE}.Debug|x86.Build.0 = Debug|Win32
		{DD98400E-DD4C-4C5C-831A-9F929DF6D2EE}.Release|x64.ActiveCfg = Release|x64
		{DD98400E-DD4C-4C5C-831A-9F929DF6D2EE}.Release|x64.Build.0 = Release|x64
		{DD98400E-DD4C-4C5C-831A-9F929DF6D2EE}.Release|x86.ActiveCfg = Release|Win32
		{DD98400E-DD4C-4C5C-831A-9F929DF6D2EE}.Release|x86.Build.0 = Release|Win32
		{8D8687CC-DD39-4264-AF49-43F9A4740560}.Debug|x64.ActiveCfg = Debug|x64
		{8D8687CC-DD39-4264-AF49-43F9A4740560}.Debug|x64.Build.0 = Debug|x64
		{8D8687CC-DD39-4264-AF49-43F9A4740560}.Debug|x86.ActiveCfg = Debug|Win32
		{8D8687CC-DD39-4264-AF49-43F9A4740560}.Debug|x86.Build.0 = Debug|Win32
		{8D8687CC-DD39-4264-AF49-43F9A4740560}.Release|x64.ActiveCfg = Release|x64
		{8D8687CC-DD39-4264-AF49-43F9A4740560}.Release|x64.Build.0 = Release|x64
		{8D8687CC-DD39-4264-AF49-43F9A4740560}.Release|x86.ActiveCfg = Release|Win32
		{8D8687CC-DD39-4264-AF49-43F9A4740560}.Release|x86.Build.0 = Release|Win32
	EndGlobalSection
	GlobalSection(SolutionProperties) = preSolution
		HideSolutionNode = FALSE
	EndGlobalSection
	GlobalSection(ExtensibilityGlobals) = postSolution
		SolutionGuid = {C5A83394-44C2-4162-B205-55D3AD1CF593}
	EndGlobalSection
EndGlobal
